
Microsoft Visual Studio Solution File, Format Version 12.00
# Visual Studio Version 17
VisualStudioVersion = 17.9.34701.34
MinimumVisualStudioVersion = 10.0.40219.1
Project("{9A19103F-16F7-4668-BE54-9A1E7A4F7556}") = "kubernetes-runbook-operator", "kubernetes-runbook-operator.csproj", "{2F5B2D18-619A-4DDB-96E1-8527CE208B2D}"
EndProject
Global
	GlobalSection(SolutionConfigurationPlatforms) = preSolution
		Debug|Any CPU = Debug|Any CPU
		Release|Any CPU = Release|Any CPU
	EndGlobalSection
	GlobalSection(ProjectConfigurationPlatforms) = postSolution
		{2F5B2D18-619A-4DDB-96E1-8527CE208B2D}.Debug|Any CPU.ActiveCfg = Debug|Any CPU
		{2F5B2D18-619A-4DDB-96E1-8527CE208B2D}.Debug|Any CPU.Build.0 = Debug|Any CPU
		{2F5B2D18-619A-4DDB-96E1-8527CE208B2D}.Release|Any CPU.ActiveCfg = Release|Any CPU
		{2F5B2D18-619A-4DDB-96E1-8527CE208B2D}.Release|Any CPU.Build.0 = Release|Any CPU
	EndGlobalSection
	GlobalSection(SolutionProperties) = preSolution
		HideSolutionNode = FALSE
	EndGlobalSection
	GlobalSection(ExtensibilityGlobals) = postSolution
		SolutionGuid = {39D7B083-8F24-41ED-86DF-2352E5E301FC}
	EndGlobalSection
EndGlobal
